{
  "name": "now-ui-kit-angular",
  "version": "1.1.0",
  "lockfileVersion": 1,
  "requires": true,
  "dependencies": {
    "now-ui-kit": {
      "version": "1.3.0",
      "resolved": "https://registry.npmjs.org/now-ui-kit/-/now-ui-kit-1.3.0.tgz",
      "integrity": "sha512-lANWkphIZDtAmhS92S4EVXCiz1Eez1Hh8t9lRdMEPrekxJ29TAN+gFOCXe6W24gqifhAnME/Vt7nUsdqVRhqdw=="
    }
  }
}
